
Microsoft Visual Studio Solution File, Format Version 12.00
# Visual Studio Version 17
VisualStudioVersion = 17.12.35707.178
MinimumVisualStudioVersion = 10.0.40219.1
Project("{FAE04EC0-301F-11D3-BF4B-00C04F79EFBC}") = "ResultSharp", "ResultSharp\ResultSharp.csproj", "{B8D9E46F-A552-4930-A90B-9F7E1B7603B3}"
EndProject
Project("{FAE04EC0-301F-11D3-BF4B-00C04F79EFBC}") = "ResultSharp.Tests", "ResultSharp.Tests\ResultSharp.Tests.csproj", "{67439834-AEFF-4D88-88D2-200218FFCE97}"
EndProject
Project("{FAE04EC0-301F-11D3-BF4B-00C04F79EFBC}") = "ResultSharp.Logging.MicrosoftLogger", "ResultSharp.Logging.MicrosoftLogger\ResultSharp.Logging.MicrosoftLogger.csproj", "{080CBDDE-0B86-495F-A354-776B362C97B6}"
EndProject
Global
	GlobalSection(SolutionConfigurationPlatforms) = preSolution
		Debug|Any CPU = Debug|Any CPU
		Release|Any CPU = Release|Any CPU
	EndGlobalSection
	GlobalSection(ProjectConfigurationPlatforms) = postSolution
		{B8D9E46F-A552-4930-A90B-9F7E1B7603B3}.Debug|Any CPU.ActiveCfg = Debug|Any CPU
		{B8D9E46F-A552-4930-A90B-9F7E1B7603B3}.Debug|Any CPU.Build.0 = Debug|Any CPU
		{B8D9E46F-A552-4930-A90B-9F7E1B7603B3}.Release|Any CPU.ActiveCfg = Release|Any CPU
		{B8D9E46F-A552-4930-A90B-9F7E1B7603B3}.Release|Any CPU.Build.0 = Release|Any CPU
		{67439834-AEFF-4D88-88D2-200218FFCE97}.Debug|Any CPU.ActiveCfg = Debug|Any CPU
		{67439834-AEFF-4D88-88D2-200218FFCE97}.Debug|Any CPU.Build.0 = Debug|Any CPU
		{67439834-AEFF-4D88-88D2-200218FFCE97}.Release|Any CPU.ActiveCfg = Release|Any CPU
		{67439834-AEFF-4D88-88D2-200218FFCE97}.Release|Any CPU.Build.0 = Release|Any CPU
		{080CBDDE-0B86-495F-A354-776B362C97B6}.Debug|Any CPU.ActiveCfg = Debug|Any CPU
		{080CBDDE-0B86-495F-A354-776B362C97B6}.Debug|Any CPU.Build.0 = Debug|Any CPU
		{080CBDDE-0B86-495F-A354-776B362C97B6}.Release|Any CPU.ActiveCfg = Release|Any CPU
		{080CBDDE-0B86-495F-A354-776B362C97B6}.Release|Any CPU.Build.0 = Release|Any CPU
	EndGlobalSection
	GlobalSection(SolutionProperties) = preSolution
		HideSolutionNode = FALSE
	EndGlobalSection
EndGlobal
